
Microsoft Visual Studio Solution File, Format Version 12.00
# Visual Studio Version 16
VisualStudioVersion = 16.0.31129.286
MinimumVisualStudioVersion = 10.0.40219.1
Project("{FAE04EC0-301F-11D3-BF4B-00C04F79EFBC}") = "algorithms_lesson_1", "algorithms_lesson_1\algorithms_lesson_1.csproj", "{716969F6-617E-4460-82C4-F18F18234817}"
EndProject
Global
	GlobalSection(SolutionConfigurationPlatforms) = preSolution
		Debug|Any CPU = Debug|Any CPU
		Release|Any CPU = Release|Any CPU
	EndGlobalSection
	GlobalSection(ProjectConfigurationPlatforms) = postSolution
		{716969F6-617E-4460-82C4-F18F18234817}.Debug|Any CPU.ActiveCfg = Debug|Any CPU
		{716969F6-617E-4460-82C4-F18F18234817}.Debug|Any CPU.Build.0 = Debug|Any CPU
		{716969F6-617E-4460-82C4-F18F18234817}.Release|Any CPU.ActiveCfg = Release|Any CPU
		{716969F6-617E-4460-82C4-F18F18234817}.Release|Any CPU.Build.0 = Release|Any CPU
	EndGlobalSection
	GlobalSection(SolutionProperties) = preSolution
		HideSolutionNode = FALSE
	EndGlobalSection
	GlobalSection(ExtensibilityGlobals) = postSolution
		SolutionGuid = {50282B3B-5FB1-4D72-A686-C9627C6DA270}
	EndGlobalSection
EndGlobal
